
Microsoft Visual Studio Solution File, Format Version 12.00
# Visual Studio Version 17
VisualStudioVersion = 17.6.33815.320
MinimumVisualStudioVersion = 10.0.40219.1
Project("{2150E333-8FDC-42A3-9474-1A3956D46DE8}") = "Platforms", "Platforms", "{50FBC592-2308-42B9-A0CB-4A36C1C91BF8}"
EndProject
Project("{D954291E-2A0B-460D-934E-DC6B0785DB48}") = "MGJ3", "MGJ3\MGJ3.shproj", "{FA11A45E-867D-4638-969C-9A6D0B595AC2}"
EndProject
Project("{FAE04EC0-301F-11D3-BF4B-00C04F79EFBC}") = "MGJ3.Android", "MGJ3.Android\MGJ3.Android.csproj", "{CF1FC953-2680-4881-9421-3F54031D97B9}"
EndProject
Project("{FAE04EC0-301F-11D3-BF4B-00C04F79EFBC}") = "MGJ3.WindowsDX", "MGJ3.WindowsDX\MGJ3.WindowsDX.csproj", "{F65B69C5-CC6C-4632-A763-3953F30B4C32}"
EndProject
Project("{FAE04EC0-301F-11D3-BF4B-00C04F79EFBC}") = "MGJ3.WindowsOVR", "MGJ3.WindowsOVR\MGJ3.WindowsOVR.csproj", "{D689788E-C240-489E-AC39-C3CB798C69AD}"
EndProject
Project("{FAE04EC0-301F-11D3-BF4B-00C04F79EFBC}") = "MGJ3.DesktopGL", "MGJ3.DesktopGL\MGJ3.DesktopGL.csproj", "{CEAEC504-FB5A-440D-ADC2-BD1E4480513A}"
EndProject
Project("{FAE04EC0-301F-11D3-BF4B-00C04F79EFBC}") = "MGJ3.UWP.Xaml", "MGJ3.UWP.Xaml\MGJ3.UWP.Xaml.csproj", "{D0E9BC31-8772-4AD7-94F8-A0596ED5CC67}"
EndProject
Project("{FAE04EC0-301F-11D3-BF4B-00C04F79EFBC}") = "MGJ3.UWP.Core", "MGJ3.UWP.Core\MGJ3.UWP.Core.csproj", "{CDDDDB19-6812-4A63-805F-30E770141303}"
EndProject
Project("{FAE04EC0-301F-11D3-BF4B-00C04F79EFBC}") = "MGJ3.Cardboard", "MGJ3.Cardboard\MGJ3.Cardboard.csproj", "{8C45820E-179D-48FF-B110-6EDC55781E7E}"
EndProject
Project("{9A19103F-16F7-4668-BE54-9A1E7A4F7556}") = "XNALibrary.NETSTANDARD2_0", "XNALibrary\XNALibrary.NETSTANDARD2_0.csproj", "{6CD3D3B8-EDBF-45F3-941F-47E7E6BD5F8E}"
EndProject
Project("{9A19103F-16F7-4668-BE54-9A1E7A4F7556}") = "MGJ3Lib.NETSTANDARD2_0", "MGJ3Lib\MGJ3Lib.NETSTANDARD2_0.csproj", "{5F722441-8B63-4E6E-843F-B14E950D0E2F}"
EndProject
Project("{9A19103F-16F7-4668-BE54-9A1E7A4F7556}") = "MGJ3.Components.NETSTANDARD2_0", "MGJ3Components\MGJ3.Components.NETSTANDARD2_0.csproj", "{9A9193FE-35D6-4D16-AFCC-B53A6DB33B8E}"
EndProject
Project("{9A19103F-16F7-4668-BE54-9A1E7A4F7556}") = "Aether.NETSTANDARD2_0", "Aether\Aether.NETSTANDARD2_0.csproj", "{CF68015E-30F2-4625-AF73-F01FE0242285}"
EndProject
Project("{9A19103F-16F7-4668-BE54-9A1E7A4F7556}") = "Aether.Physics2D.Components.NETSTANDARD2_0", "Aether.Physics2D.Components\Aether.Physics2D.Components.NETSTANDARD2_0.csproj", "{B230A69B-656D-48D5-B84D-29000DE97428}"
EndProject
Project("{9A19103F-16F7-4668-BE54-9A1E7A4F7556}") = "Aether.Particles.NETSTANDARD2_0", "Aether.Particles\Aether.Particles.NETSTANDARD2_0.csproj", "{E69F8C18-DF4B-456F-ADB8-375F709B9179}"
EndProject
Project("{9A19103F-16F7-4668-BE54-9A1E7A4F7556}") = "Aether.Components.NETSTANDARD2_0", "Aether.Components\Aether.Components.NETSTANDARD2_0.csproj", "{02AF6E6B-080E-448B-B3EB-ACA20FA27A49}"
EndProject
Global
	GlobalSection(SolutionConfigurationPlatforms) = preSolution
		Debug|Any CPU = Debug|Any CPU
		Debug|ARM = Debug|ARM
		Debug|x64 = Debug|x64
		Debug|x86 = Debug|x86
		Release|Any CPU = Release|Any CPU
		Release|ARM = Release|ARM
		Release|x64 = Release|x64
		Release|x86 = Release|x86
	EndGlobalSection
	GlobalSection(ProjectConfigurationPlatforms) = postSolution
		{CF1FC953-2680-4881-9421-3F54031D97B9}.Debug|Any CPU.ActiveCfg = Debug|Any CPU
		{CF1FC953-2680-4881-9421-3F54031D97B9}.Debug|Any CPU.Build.0 = Debug|Any CPU
		{CF1FC953-2680-4881-9421-3F54031D97B9}.Debug|Any CPU.Deploy.0 = Debug|Any CPU
		{CF1FC953-2680-4881-9421-3F54031D97B9}.Debug|ARM.ActiveCfg = Debug|Any CPU
		{CF1FC953-2680-4881-9421-3F54031D97B9}.Debug|x64.ActiveCfg = Debug|Any CPU
		{CF1FC953-2680-4881-9421-3F54031D97B9}.Debug|x86.ActiveCfg = Debug|Any CPU
		{CF1FC953-2680-4881-9421-3F54031D97B9}.Release|Any CPU.ActiveCfg = Release|Any CPU
		{CF1FC953-2680-4881-9421-3F54031D97B9}.Release|Any CPU.Build.0 = Release|Any CPU
		{CF1FC953-2680-4881-9421-3F54031D97B9}.Release|Any CPU.Deploy.0 = Release|Any CPU
		{CF1FC953-2680-4881-9421-3F54031D97B9}.Release|ARM.ActiveCfg = Release|Any CPU
		{CF1FC953-2680-4881-9421-3F54031D97B9}.Release|x64.ActiveCfg = Release|Any CPU
		{CF1FC953-2680-4881-9421-3F54031D97B9}.Release|x86.ActiveCfg = Release|Any CPU
		{F65B69C5-CC6C-4632-A763-3953F30B4C32}.Debug|Any CPU.ActiveCfg = Debug|Any CPU
		{F65B69C5-CC6C-4632-A763-3953F30B4C32}.Debug|Any CPU.Build.0 = Debug|Any CPU
		{F65B69C5-CC6C-4632-A763-3953F30B4C32}.Debug|ARM.ActiveCfg = Debug|Any CPU
		{F65B69C5-CC6C-4632-A763-3953F30B4C32}.Debug|x64.ActiveCfg = Debug|Any CPU
		{F65B69C5-CC6C-4632-A763-3953F30B4C32}.Debug|x86.ActiveCfg = Debug|Any CPU
		{F65B69C5-CC6C-4632-A763-3953F30B4C32}.Release|Any CPU.ActiveCfg = Release|Any CPU
		{F65B69C5-CC6C-4632-A763-3953F30B4C32}.Release|Any CPU.Build.0 = Release|Any CPU
		{F65B69C5-CC6C-4632-A763-3953F30B4C32}.Release|ARM.ActiveCfg = Release|Any CPU
		{F65B69C5-CC6C-4632-A763-3953F30B4C32}.Release|x64.ActiveCfg = Release|Any CPU
		{F65B69C5-CC6C-4632-A763-3953F30B4C32}.Release|x86.ActiveCfg = Release|Any CPU
		{D689788E-C240-489E-AC39-C3CB798C69AD}.Debug|Any CPU.ActiveCfg = Debug|Any CPU
		{D689788E-C240-489E-AC39-C3CB798C69AD}.Debug|Any CPU.Build.0 = Debug|Any CPU
		{D689788E-C240-489E-AC39-C3CB798C69AD}.Debug|ARM.ActiveCfg = Debug|Any CPU
		{D689788E-C240-489E-AC39-C3CB798C69AD}.Debug|x64.ActiveCfg = Debug|Any CPU
		{D689788E-C240-489E-AC39-C3CB798C69AD}.Debug|x86.ActiveCfg = Debug|Any CPU
		{D689788E-C240-489E-AC39-C3CB798C69AD}.Release|Any CPU.ActiveCfg = Release|Any CPU
		{D689788E-C240-489E-AC39-C3CB798C69AD}.Release|Any CPU.Build.0 = Release|Any CPU
		{D689788E-C240-489E-AC39-C3CB798C69AD}.Release|ARM.ActiveCfg = Release|Any CPU
		{D689788E-C240-489E-AC39-C3CB798C69AD}.Release|x64.ActiveCfg = Release|Any CPU
		{D689788E-C240-489E-AC39-C3CB798C69AD}.Release|x86.ActiveCfg = Release|Any CPU
		{CEAEC504-FB5A-440D-ADC2-BD1E4480513A}.Debug|Any CPU.ActiveCfg = Debug|Any CPU
		{CEAEC504-FB5A-440D-ADC2-BD1E4480513A}.Debug|Any CPU.Build.0 = Debug|Any CPU
		{CEAEC504-FB5A-440D-ADC2-BD1E4480513A}.Debug|ARM.ActiveCfg = Debug|Any CPU
		{CEAEC504-FB5A-440D-ADC2-BD1E4480513A}.Debug|x64.ActiveCfg = Debug|Any CPU
		{CEAEC504-FB5A-440D-ADC2-BD1E4480513A}.Debug|x86.ActiveCfg = Debug|Any CPU
		{CEAEC504-FB5A-440D-ADC2-BD1E4480513A}.Release|Any CPU.ActiveCfg = Release|Any CPU
		{CEAEC504-FB5A-440D-ADC2-BD1E4480513A}.Release|Any CPU.Build.0 = Release|Any CPU
		{CEAEC504-FB5A-440D-ADC2-BD1E4480513A}.Release|ARM.ActiveCfg = Release|Any CPU
		{CEAEC504-FB5A-440D-ADC2-BD1E4480513A}.Release|x64.ActiveCfg = Release|Any CPU
		{CEAEC504-FB5A-440D-ADC2-BD1E4480513A}.Release|x86.ActiveCfg = Release|Any CPU
		{D0E9BC31-8772-4AD7-94F8-A0596ED5CC67}.Debug|Any CPU.ActiveCfg = Debug|x64
		{D0E9BC31-8772-4AD7-94F8-A0596ED5CC67}.Debug|Any CPU.Build.0 = Debug|x64
		{D0E9BC31-8772-4AD7-94F8-A0596ED5CC67}.Debug|ARM.ActiveCfg = Debug|ARM
		{D0E9BC31-8772-4AD7-94F8-A0596ED5CC67}.Debug|ARM.Build.0 = Debug|ARM
		{D0E9BC31-8772-4AD7-94F8-A0596ED5CC67}.Debug|ARM.Deploy.0 = Debug|ARM
		{D0E9BC31-8772-4AD7-94F8-A0596ED5CC67}.Debug|x64.ActiveCfg = Debug|x64
		{D0E9BC31-8772-4AD7-94F8-A0596ED5CC67}.Debug|x64.Build.0 = Debug|x64
		{D0E9BC31-8772-4AD7-94F8-A0596ED5CC67}.Debug|x64.Deploy.0 = Debug|x64
		{D0E9BC31-8772-4AD7-94F8-A0596ED5CC67}.Debug|x86.ActiveCfg = Debug|x86
		{D0E9BC31-8772-4AD7-94F8-A0596ED5CC67}.Debug|x86.Build.0 = Debug|x86
		{D0E9BC31-8772-4AD7-94F8-A0596ED5CC67}.Debug|x86.Deploy.0 = Debug|x86
		{D0E9BC31-8772-4AD7-94F8-A0596ED5CC67}.Release|Any CPU.ActiveCfg = Release|x64
		{D0E9BC31-8772-4AD7-94F8-A0596ED5CC67}.Release|Any CPU.Build.0 = Release|x64
		{D0E9BC31-8772-4AD7-94F8-A0596ED5CC67}.Release|ARM.ActiveCfg = Release|ARM
		{D0E9BC31-8772-4AD7-94F8-A0596ED5CC67}.Release|ARM.Build.0 = Release|ARM
		{D0E9BC31-8772-4AD7-94F8-A0596ED5CC67}.Release|ARM.Deploy.0 = Release|ARM
		{D0E9BC31-8772-4AD7-94F8-A0596ED5CC67}.Release|x64.ActiveCfg = Release|x64
		{D0E9BC31-8772-4AD7-94F8-A0596ED5CC67}.Release|x64.Build.0 = Release|x64
		{D0E9BC31-8772-4AD7-94F8-A0596ED5CC67}.Release|x64.Deploy.0 = Release|x64
		{D0E9BC31-8772-4AD7-94F8-A0596ED5CC67}.Release|x86.ActiveCfg = Release|x86
		{D0E9BC31-8772-4AD7-94F8-A0596ED5CC67}.Release|x86.Build.0 = Release|x86
		{D0E9BC31-8772-4AD7-94F8-A0596ED5CC67}.Release|x86.Deploy.0 = Release|x86
		{CDDDDB19-6812-4A63-805F-30E770141303}.Debug|Any CPU.ActiveCfg = Debug|x64
		{CDDDDB19-6812-4A63-805F-30E770141303}.Debug|Any CPU.Build.0 = Debug|x64
		{CDDDDB19-6812-4A63-805F-30E770141303}.Debug|ARM.ActiveCfg = Debug|ARM
		{CDDDDB19-6812-4A63-805F-30E770141303}.Debug|ARM.Build.0 = Debug|ARM
		{CDDDDB19-6812-4A63-805F-30E770141303}.Debug|ARM.Deploy.0 = Debug|ARM
		{CDDDDB19-6812-4A63-805F-30E770141303}.Debug|x64.ActiveCfg = Debug|x64
		{CDDDDB19-6812-4A63-805F-30E770141303}.Debug|x64.Build.0 = Debug|x64
		{CDDDDB19-6812-4A63-805F-30E770141303}.Debug|x64.Deploy.0 = Debug|x64
		{CDDDDB19-6812-4A63-805F-30E770141303}.Debug|x86.ActiveCfg = Debug|x86
		{CDDDDB19-6812-4A63-805F-30E770141303}.Debug|x86.Build.0 = Debug|x86
		{CDDDDB19-6812-4A63-805F-30E770141303}.Debug|x86.Deploy.0 = Debug|x86
		{CDDDDB19-6812-4A63-805F-30E770141303}.Release|Any CPU.ActiveCfg = Release|x64
		{CDDDDB19-6812-4A63-805F-30E770141303}.Release|Any CPU.Build.0 = Release|x64
		{CDDDDB19-6812-4A63-805F-30E770141303}.Release|ARM.ActiveCfg = Release|ARM
		{CDDDDB19-6812-4A63-805F-30E770141303}.Release|ARM.Build.0 = Release|ARM
		{CDDDDB19-6812-4A63-805F-30E770141303}.Release|ARM.Deploy.0 = Release|ARM
		{CDDDDB19-6812-4A63-805F-30E770141303}.Release|x64.ActiveCfg = Release|x64
		{CDDDDB19-6812-4A63-805F-30E770141303}.Release|x64.Build.0 = Release|x64
		{CDDDDB19-6812-4A63-805F-30E770141303}.Release|x64.Deploy.0 = Release|x64
		{CDDDDB19-6812-4A63-805F-30E770141303}.Release|x86.ActiveCfg = Release|x86
		{CDDDDB19-6812-4A63-805F-30E770141303}.Release|x86.Build.0 = Release|x86
		{CDDDDB19-6812-4A63-805F-30E770141303}.Release|x86.Deploy.0 = Release|x86
		{8C45820E-179D-48FF-B110-6EDC55781E7E}.Debug|Any CPU.ActiveCfg = Debug|Any CPU
		{8C45820E-179D-48FF-B110-6EDC55781E7E}.Debug|Any CPU.Build.0 = Debug|Any CPU
		{8C45820E-179D-48FF-B110-6EDC55781E7E}.Debug|Any CPU.Deploy.0 = Debug|Any CPU
		{8C45820E-179D-48FF-B110-6EDC55781E7E}.Debug|ARM.ActiveCfg = Debug|Any CPU
		{8C45820E-179D-48FF-B110-6EDC55781E7E}.Debug|x64.ActiveCfg = Debug|Any CPU
		{8C45820E-179D-48FF-B110-6EDC55781E7E}.Debug|x86.ActiveCfg = Debug|Any CPU
		{8C45820E-179D-48FF-B110-6EDC55781E7E}.Release|Any CPU.ActiveCfg = Release|Any CPU
		{8C45820E-179D-48FF-B110-6EDC55781E7E}.Release|Any CPU.Build.0 = Release|Any CPU
		{8C45820E-179D-48FF-B110-6EDC55781E7E}.Release|Any CPU.Deploy.0 = Release|Any CPU
		{8C45820E-179D-48FF-B110-6EDC55781E7E}.Release|ARM.ActiveCfg = Release|Any CPU
		{8C45820E-179D-48FF-B110-6EDC55781E7E}.Release|x64.ActiveCfg = Release|Any CPU
		{8C45820E-179D-48FF-B110-6EDC55781E7E}.Release|x86.ActiveCfg = Release|Any CPU
		{6CD3D3B8-EDBF-45F3-941F-47E7E6BD5F8E}.Debug|Any CPU.ActiveCfg = Debug|Any CPU
		{6CD3D3B8-EDBF-45F3-941F-47E7E6BD5F8E}.Debug|Any CPU.Build.0 = Debug|Any CPU
		{6CD3D3B8-EDBF-45F3-941F-47E7E6BD5F8E}.Debug|ARM.ActiveCfg = Debug|Any CPU
		{6CD3D3B8-EDBF-45F3-941F-47E7E6BD5F8E}.Debug|ARM.Build.0 = Debug|Any CPU
		{6CD3D3B8-EDBF-45F3-941F-47E7E6BD5F8E}.Debug|x64.ActiveCfg = Debug|Any CPU
		{6CD3D3B8-EDBF-45F3-941F-47E7E6BD5F8E}.Debug|x64.Build.0 = Debug|Any CPU
		{6CD3D3B8-EDBF-45F3-941F-47E7E6BD5F8E}.Debug|x86.ActiveCfg = Debug|Any CPU
		{6CD3D3B8-EDBF-45F3-941F-47E7E6BD5F8E}.Debug|x86.Build.0 = Debug|Any CPU
		{6CD3D3B8-EDBF-45F3-941F-47E7E6BD5F8E}.Release|Any CPU.ActiveCfg = Release|Any CPU
		{6CD3D3B8-EDBF-45F3-941F-47E7E6BD5F8E}.Release|Any CPU.Build.0 = Release|Any CPU
		{6CD3D3B8-EDBF-45F3-941F-47E7E6BD5F8E}.Release|ARM.ActiveCfg = Release|Any CPU
		{6CD3D3B8-EDBF-45F3-941F-47E7E6BD5F8E}.Release|ARM.Build.0 = Release|Any CPU
		{6CD3D3B8-EDBF-45F3-941F-47E7E6BD5F8E}.Release|x64.ActiveCfg = Release|Any CPU
		{6CD3D3B8-EDBF-45F3-941F-47E7E6BD5F8E}.Release|x64.Build.0 = Release|Any CPU
		{6CD3D3B8-EDBF-45F3-941F-47E7E6BD5F8E}.Release|x86.ActiveCfg = Release|Any CPU
		{6CD3D3B8-EDBF-45F3-941F-47E7E6BD5F8E}.Release|x86.Build.0 = Release|Any CPU
		{5F722441-8B63-4E6E-843F-B14E950D0E2F}.Debug|Any CPU.ActiveCfg = Debug|Any CPU
		{5F722441-8B63-4E6E-843F-B14E950D0E2F}.Debug|Any CPU.Build.0 = Debug|Any CPU
		{5F722441-8B63-4E6E-843F-B14E950D0E2F}.Debug|ARM.ActiveCfg = Debug|Any CPU
		{5F722441-8B63-4E6E-843F-B14E950D0E2F}.Debug|ARM.Build.0 = Debug|Any CPU
		{5F722441-8B63-4E6E-843F-B14E950D0E2F}.Debug|x64.ActiveCfg = Debug|Any CPU
		{5F722441-8B63-4E6E-843F-B14E950D0E2F}.Debug|x64.Build.0 = Debug|Any CPU
		{5F722441-8B63-4E6E-843F-B14E950D0E2F}.Debug|x86.ActiveCfg = Debug|Any CPU
		{5F722441-8B63-4E6E-843F-B14E950D0E2F}.Debug|x86.Build.0 = Debug|Any CPU
		{5F722441-8B63-4E6E-843F-B14E950D0E2F}.Release|Any CPU.ActiveCfg = Release|Any CPU
		{5F722441-8B63-4E6E-843F-B14E950D0E2F}.Release|Any CPU.Build.0 = Release|Any CPU
		{5F722441-8B63-4E6E-843F-B14E950D0E2F}.Release|ARM.ActiveCfg = Release|Any CPU
		{5F722441-8B63-4E6E-843F-B14E950D0E2F}.Release|ARM.Build.0 = Release|Any CPU
		{5F722441-8B63-4E6E-843F-B14E950D0E2F}.Release|x64.ActiveCfg = Release|Any CPU
		{5F722441-8B63-4E6E-843F-B14E950D0E2F}.Release|x64.Build.0 = Release|Any CPU
		{5F722441-8B63-4E6E-843F-B14E950D0E2F}.Release|x86.ActiveCfg = Release|Any CPU
		{5F722441-8B63-4E6E-843F-B14E950D0E2F}.Release|x86.Build.0 = Release|Any CPU
		{9A9193FE-35D6-4D16-AFCC-B53A6DB33B8E}.Debug|Any CPU.ActiveCfg = Debug|Any CPU
		{9A9193FE-35D6-4D16-AFCC-B53A6DB33B8E}.Debug|Any CPU.Build.0 = Debug|Any CPU
		{9A9193FE-35D6-4D16-AFCC-B53A6DB33B8E}.Debug|ARM.ActiveCfg = Debug|Any CPU
		{9A9193FE-35D6-4D16-AFCC-B53A6DB33B8E}.Debug|ARM.Build.0 = Debug|Any CPU
		{9A9193FE-35D6-4D16-AFCC-B53A6DB33B8E}.Debug|x64.ActiveCfg = Debug|Any CPU
		{9A9193FE-35D6-4D16-AFCC-B53A6DB33B8E}.Debug|x64.Build.0 = Debug|Any CPU
		{9A9193FE-35D6-4D16-AFCC-B53A6DB33B8E}.Debug|x86.ActiveCfg = Debug|Any CPU
		{9A9193FE-35D6-4D16-AFCC-B53A6DB33B8E}.Debug|x86.Build.0 = Debug|Any CPU
		{9A9193FE-35D6-4D16-AFCC-B53A6DB33B8E}.Release|Any CPU.ActiveCfg = Release|Any CPU
		{9A9193FE-35D6-4D16-AFCC-B53A6DB33B8E}.Release|Any CPU.Build.0 = Release|Any CPU
		{9A9193FE-35D6-4D16-AFCC-B53A6DB33B8E}.Release|ARM.ActiveCfg = Release|Any CPU
		{9A9193FE-35D6-4D16-AFCC-B53A6DB33B8E}.Release|ARM.Build.0 = Release|Any CPU
		{9A9193FE-35D6-4D16-AFCC-B53A6DB33B8E}.Release|x64.ActiveCfg = Release|Any CPU
		{9A9193FE-35D6-4D16-AFCC-B53A6DB33B8E}.Release|x64.Build.0 = Release|Any CPU
		{9A9193FE-35D6-4D16-AFCC-B53A6DB33B8E}.Release|x86.ActiveCfg = Release|Any CPU
		{9A9193FE-35D6-4D16-AFCC-B53A6DB33B8E}.Release|x86.Build.0 = Release|Any CPU
		{CF68015E-30F2-4625-AF73-F01FE0242285}.Debug|Any CPU.ActiveCfg = Debug|Any CPU
		{CF68015E-30F2-4625-AF73-F01FE0242285}.Debug|Any CPU.Build.0 = Debug|Any CPU
		{CF68015E-30F2-4625-AF73-F01FE0242285}.Debug|ARM.ActiveCfg = Debug|Any CPU
		{CF68015E-30F2-4625-AF73-F01FE0242285}.Debug|ARM.Build.0 = Debug|Any CPU
		{CF68015E-30F2-4625-AF73-F01FE0242285}.Debug|x64.ActiveCfg = Debug|Any CPU
		{CF68015E-30F2-4625-AF73-F01FE0242285}.Debug|x64.Build.0 = Debug|Any CPU
		{CF68015E-30F2-4625-AF73-F01FE0242285}.Debug|x86.ActiveCfg = Debug|Any CPU
		{CF68015E-30F2-4625-AF73-F01FE0242285}.Debug|x86.Build.0 = Debug|Any CPU
		{CF68015E-30F2-4625-AF73-F01FE0242285}.Release|Any CPU.ActiveCfg = Release|Any CPU
		{CF68015E-30F2-4625-AF73-F01FE0242285}.Release|Any CPU.Build.0 = Release|Any CPU
		{CF68015E-30F2-4625-AF73-F01FE0242285}.Release|ARM.ActiveCfg = Release|Any CPU
		{CF68015E-30F2-4625-AF73-F01FE0242285}.Release|ARM.Build.0 = Release|Any CPU
		{CF68015E-30F2-4625-AF73-F01FE0242285}.Release|x64.ActiveCfg = Release|Any CPU
		{CF68015E-30F2-4625-AF73-F01FE0242285}.Release|x64.Build.0 = Release|Any CPU
		{CF68015E-30F2-4625-AF73-F01FE0242285}.Release|x86.ActiveCfg = Release|Any CPU
		{CF68015E-30F2-4625-AF73-F01FE0242285}.Release|x86.Build.0 = Release|Any CPU
		{B230A69B-656D-48D5-B84D-29000DE97428}.Debug|Any CPU.ActiveCfg = Debug|Any CPU
		{B230A69B-656D-48D5-B84D-29000DE97428}.Debug|Any CPU.Build.0 = Debug|Any CPU
		{B230A69B-656D-48D5-B84D-29000DE97428}.Debug|ARM.ActiveCfg = Debug|Any CPU
		{B230A69B-656D-48D5-B84D-29000DE97428}.Debug|ARM.Build.0 = Debug|Any CPU
		{B230A69B-656D-48D5-B84D-29000DE97428}.Debug|x64.ActiveCfg = Debug|Any CPU
		{B230A69B-656D-48D5-B84D-29000DE97428}.Debug|x64.Build.0 = Debug|Any CPU
		{B230A69B-656D-48D5-B84D-29000DE97428}.Debug|x86.ActiveCfg = Debug|Any CPU
		{B230A69B-656D-48D5-B84D-29000DE97428}.Debug|x86.Build.0 = Debug|Any CPU
		{B230A69B-656D-48D5-B84D-29000DE97428}.Release|Any CPU.ActiveCfg = Release|Any CPU
		{B230A69B-656D-48D5-B84D-29000DE97428}.Release|Any CPU.Build.0 = Release|Any CPU
		{B230A69B-656D-48D5-B84D-29000DE97428}.Release|ARM.ActiveCfg = Release|Any CPU
		{B230A69B-656D-48D5-B84D-29000DE97428}.Release|ARM.Build.0 = Release|Any CPU
		{B230A69B-656D-48D5-B84D-29000DE97428}.Release|x64.ActiveCfg = Release|Any CPU
		{B230A69B-656D-48D5-B84D-29000DE97428}.Release|x64.Build.0 = Release|Any CPU
		{B230A69B-656D-48D5-B84D-29000DE97428}.Release|x86.ActiveCfg = Release|Any CPU
		{B230A69B-656D-48D5-B84D-29000DE97428}.Release|x86.Build.0 = Release|Any CPU
		{E69F8C18-DF4B-456F-ADB8-375F709B9179}.Debug|Any CPU.ActiveCfg = Debug|Any CPU
		{E69F8C18-DF4B-456F-ADB8-375F709B9179}.Debug|Any CPU.Build.0 = Debug|Any CPU
		{E69F8C18-DF4B-456F-ADB8-375F709B9179}.Debug|ARM.ActiveCfg = Debug|Any CPU
		{E69F8C18-DF4B-456F-ADB8-375F709B9179}.Debug|ARM.Build.0 = Debug|Any CPU
		{E69F8C18-DF4B-456F-ADB8-375F709B9179}.Debug|x64.ActiveCfg = Debug|Any CPU
		{E69F8C18-DF4B-456F-ADB8-375F709B9179}.Debug|x64.Build.0 = Debug|Any CPU
		{E69F8C18-DF4B-456F-ADB8-375F709B9179}.Debug|x86.ActiveCfg = Debug|Any CPU
		{E69F8C18-DF4B-456F-ADB8-375F709B9179}.Debug|x86.Build.0 = Debug|Any CPU
		{E69F8C18-DF4B-456F-ADB8-375F709B9179}.Release|Any CPU.ActiveCfg = Release|Any CPU
		{E69F8C18-DF4B-456F-ADB8-375F709B9179}.Release|Any CPU.Build.0 = Release|Any CPU
		{E69F8C18-DF4B-456F-ADB8-375F709B9179}.Release|ARM.ActiveCfg = Release|Any CPU
		{E69F8C18-DF4B-456F-ADB8-375F709B9179}.Release|ARM.Build.0 = Release|Any CPU
		{E69F8C18-DF4B-456F-ADB8-375F709B9179}.Release|x64.ActiveCfg = Release|Any CPU
		{E69F8C18-DF4B-456F-ADB8-375F709B9179}.Release|x64.Build.0 = Release|Any CPU
		{E69F8C18-DF4B-456F-ADB8-375F709B9179}.Release|x86.ActiveCfg = Release|Any CPU
		{E69F8C18-DF4B-456F-ADB8-375F709B9179}.Release|x86.Build.0 = Release|Any CPU
		{02AF6E6B-080E-448B-B3EB-ACA20FA27A49}.Debug|Any CPU.ActiveCfg = Debug|Any CPU
		{02AF6E6B-080E-448B-B3EB-ACA20FA27A49}.Debug|Any CPU.Build.0 = Debug|Any CPU
		{02AF6E6B-080E-448B-B3EB-ACA20FA27A49}.Debug|ARM.ActiveCfg = Debug|Any CPU
		{02AF6E6B-080E-448B-B3EB-ACA20FA27A49}.Debug|ARM.Build.0 = Debug|Any CPU
		{02AF6E6B-080E-448B-B3EB-ACA20FA27A49}.Debug|x64.ActiveCfg = Debug|Any CPU
		{02AF6E6B-080E-448B-B3EB-ACA20FA27A49}.Debug|x64.Build.0 = Debug|Any CPU
		{02AF6E6B-080E-448B-B3EB-ACA20FA27A49}.Debug|x86.ActiveCfg = Debug|Any CPU
		{02AF6E6B-080E-448B-B3EB-ACA20FA27A49}.Debug|x86.Build.0 = Debug|Any CPU
		{02AF6E6B-080E-448B-B3EB-ACA20FA27A49}.Release|Any CPU.ActiveCfg = Release|Any CPU
		{02AF6E6B-080E-448B-B3EB-ACA20FA27A49}.Release|Any CPU.Build.0 = Release|Any CPU
		{02AF6E6B-080E-448B-B3EB-ACA20FA27A49}.Release|ARM.ActiveCfg = Release|Any CPU
		{02AF6E6B-080E-448B-B3EB-ACA20FA27A49}.Release|ARM.Build.0 = Release|Any CPU
		{02AF6E6B-080E-448B-B3EB-ACA20FA27A49}.Release|x64.ActiveCfg = Release|Any CPU
		{02AF6E6B-080E-448B-B3EB-ACA20FA27A49}.Release|x64.Build.0 = Release|Any CPU
		{02AF6E6B-080E-448B-B3EB-ACA20FA27A49}.Release|x86.ActiveCfg = Release|Any CPU
		{02AF6E6B-080E-448B-B3EB-ACA20FA27A49}.Release|x86.Build.0 = Release|Any CPU
	EndGlobalSection
	GlobalSection(SolutionProperties) = preSolution
		HideSolutionNode = FALSE
	EndGlobalSection
	GlobalSection(NestedProjects) = preSolution
		{CF1FC953-2680-4881-9421-3F54031D97B9} = {50FBC592-2308-42B9-A0CB-4A36C1C91BF8}
		{F65B69C5-CC6C-4632-A763-3953F30B4C32} = {50FBC592-2308-42B9-A0CB-4A36C1C91BF8}
		{D689788E-C240-489E-AC39-C3CB798C69AD} = {50FBC592-2308-42B9-A0CB-4A36C1C91BF8}
		{CEAEC504-FB5A-440D-ADC2-BD1E4480513A} = {50FBC592-2308-42B9-A0CB-4A36C1C91BF8}
		{D0E9BC31-8772-4AD7-94F8-A0596ED5CC67} = {50FBC592-2308-42B9-A0CB-4A36C1C91BF8}
		{CDDDDB19-6812-4A63-805F-30E770141303} = {50FBC592-2308-42B9-A0CB-4A36C1C91BF8}
		{8C45820E-179D-48FF-B110-6EDC55781E7E} = {50FBC592-2308-42B9-A0CB-4A36C1C91BF8}
	EndGlobalSection
	GlobalSection(ExtensibilityGlobals) = postSolution
		SolutionGuid = {BA31A750-D33F-46EE-800F-11B80978EA6E}
	EndGlobalSection
	GlobalSection(SharedMSBuildProjectFiles) = preSolution
		MGJ3\MGJ3.projitems*{8c45820e-179d-48ff-b110-6edc55781e7e}*SharedItemsImports = 4
		MGJ3\MGJ3.projitems*{cddddb19-6812-4a63-805f-30e770141303}*SharedItemsImports = 4
		MGJ3\MGJ3.projitems*{ceaec504-fb5a-440d-adc2-bd1e4480513a}*SharedItemsImports = 4
		MGJ3\MGJ3.projitems*{cf1fc953-2680-4881-9421-3f54031d97b9}*SharedItemsImports = 4
		MGJ3\MGJ3.projitems*{d0e9bc31-8772-4ad7-94f8-a0596ed5cc67}*SharedItemsImports = 4
		MGJ3\MGJ3.projitems*{d689788e-c240-489e-ac39-c3cb798c69ad}*SharedItemsImports = 4
		MGJ3\MGJ3.projitems*{f65b69c5-cc6c-4632-a763-3953f30b4c32}*SharedItemsImports = 4
		MGJ3\MGJ3.projitems*{fa11a45e-867d-4638-969c-9a6d0b595ac2}*SharedItemsImports = 13
	EndGlobalSection
EndGlobal
